
Microsoft Visual Studio Solution File, Format Version 12.00
# Visual Studio 2013
VisualStudioVersion = 12.0.30501.0
MinimumVisualStudioVersion = 10.0.40219.1
Project("{2150E333-8FDC-42A3-9474-1A3956D46DE8}") = "Presentation", "Presentation", "{F3656A12-7511-4EA7-AB0F-58CB99921702}"
EndProject
Project("{2150E333-8FDC-42A3-9474-1A3956D46DE8}") = "Application", "Application", "{D84525D5-E3B1-4B44-90C7-3218DF451FD9}"
EndProject
Project("{2150E333-8FDC-42A3-9474-1A3956D46DE8}") = "Domain", "Domain", "{2E0E55C0-4D1F-4D2D-AA20-DC4B94671E49}"
EndProject
Project("{2150E333-8FDC-42A3-9474-1A3956D46DE8}") = "Infra", "Infra", "{3653A27B-1797-4C25-9647-B7C37B14C5BF}"
EndProject
Project("{2150E333-8FDC-42A3-9474-1A3956D46DE8}") = "Data", "Data", "{9876C1FB-CDE2-4021-98FC-7AC83FFECAB4}"
EndProject
Project("{FAE04EC0-301F-11D3-BF4B-00C04F79EFBC}") = "Livraria.Domain", "Livraria.Domain\Livraria.Domain.csproj", "{B7722BB0-2EED-4F6E-BCB2-BC621D712CB2}"
EndProject
Project("{FAE04EC0-301F-11D3-BF4B-00C04F79EFBC}") = "Livraria.Infra.Data", "Livraria.Infra.Data\Livraria.Infra.Data.csproj", "{61638ECD-99A7-455B-87A1-B38930627CB7}"
EndProject
Project("{FAE04EC0-301F-11D3-BF4B-00C04F79EFBC}") = "Livraria.Application", "Livraria.Application\Livraria.Application.csproj", "{E6FF5B6E-122A-44AA-8A62-D75CB5F9537F}"
EndProject
Project("{FAE04EC0-301F-11D3-BF4B-00C04F79EFBC}") = "Livraria.Presentation.MVC", "Livraria.Presentation\Livraria.Presentation.MVC.csproj", "{8011876D-032F-427A-B8D8-C0AFA9C40A62}"
EndProject
Global
	GlobalSection(SolutionConfigurationPlatforms) = preSolution
		Debug|Any CPU = Debug|Any CPU
		Release|Any CPU = Release|Any CPU
	EndGlobalSection
	GlobalSection(ProjectConfigurationPlatforms) = postSolution
		{B7722BB0-2EED-4F6E-BCB2-BC621D712CB2}.Debug|Any CPU.ActiveCfg = Debug|Any CPU
		{B7722BB0-2EED-4F6E-BCB2-BC621D712CB2}.Debug|Any CPU.Build.0 = Debug|Any CPU
		{B7722BB0-2EED-4F6E-BCB2-BC621D712CB2}.Release|Any CPU.ActiveCfg = Release|Any CPU
		{B7722BB0-2EED-4F6E-BCB2-BC621D712CB2}.Release|Any CPU.Build.0 = Release|Any CPU
		{61638ECD-99A7-455B-87A1-B38930627CB7}.Debug|Any CPU.ActiveCfg = Debug|Any CPU
		{61638ECD-99A7-455B-87A1-B38930627CB7}.Debug|Any CPU.Build.0 = Debug|Any CPU
		{61638ECD-99A7-455B-87A1-B38930627CB7}.Release|Any CPU.ActiveCfg = Release|Any CPU
		{61638ECD-99A7-455B-87A1-B38930627CB7}.Release|Any CPU.Build.0 = Release|Any CPU
		{E6FF5B6E-122A-44AA-8A62-D75CB5F9537F}.Debug|Any CPU.ActiveCfg = Debug|Any CPU
		{E6FF5B6E-122A-44AA-8A62-D75CB5F9537F}.Debug|Any CPU.Build.0 = Debug|Any CPU
		{E6FF5B6E-122A-44AA-8A62-D75CB5F9537F}.Release|Any CPU.ActiveCfg = Release|Any CPU
		{E6FF5B6E-122A-44AA-8A62-D75CB5F9537F}.Release|Any CPU.Build.0 = Release|Any CPU
		{8011876D-032F-427A-B8D8-C0AFA9C40A62}.Debug|Any CPU.ActiveCfg = Debug|Any CPU
		{8011876D-032F-427A-B8D8-C0AFA9C40A62}.Debug|Any CPU.Build.0 = Debug|Any CPU
		{8011876D-032F-427A-B8D8-C0AFA9C40A62}.Release|Any CPU.ActiveCfg = Release|Any CPU
		{8011876D-032F-427A-B8D8-C0AFA9C40A62}.Release|Any CPU.Build.0 = Release|Any CPU
	EndGlobalSection
	GlobalSection(SolutionProperties) = preSolution
		HideSolutionNode = FALSE
	EndGlobalSection
	GlobalSection(NestedProjects) = preSolution
		{9876C1FB-CDE2-4021-98FC-7AC83FFECAB4} = {3653A27B-1797-4C25-9647-B7C37B14C5BF}
		{B7722BB0-2EED-4F6E-BCB2-BC621D712CB2} = {2E0E55C0-4D1F-4D2D-AA20-DC4B94671E49}
		{61638ECD-99A7-455B-87A1-B38930627CB7} = {9876C1FB-CDE2-4021-98FC-7AC83FFECAB4}
		{E6FF5B6E-122A-44AA-8A62-D75CB5F9537F} = {D84525D5-E3B1-4B44-90C7-3218DF451FD9}
		{8011876D-032F-427A-B8D8-C0AFA9C40A62} = {F3656A12-7511-4EA7-AB0F-58CB99921702}
	EndGlobalSection
EndGlobal
